<?xml version="1.0" encoding="utf-8"?>
<Project ToolsVersion="4.0" xmlns="http://schemas.microsoft.com/developer/msbuild/2003">
  <ItemGroup>
    <Filter Include="ソース ファイル">
      <UniqueIdentifier>{4FC737F1-C7A5-4376-A066-2A32D752A2FF}</UniqueIdentifier>
      <Extensions>cpp;c;cc;cxx;c++;cppm;ixx;def;odl;idl;hpj;bat;asm;asmx</Extensions>
    </Filter>
    <Filter Include="ヘッダー ファイル">
      <UniqueIdentifier>{93995380-89BD-4b04-88EB-625FBE52EBFB}</UniqueIdentifier>
      <Extensions>h;hh;hpp;hxx;h++;hm;inl;inc;ipp;xsd</Extensions>
    </Filter>
    <Filter Include="リソース ファイル">
      <UniqueIdentifier>{67DA6AB6-F800-4c08-8B7A-83BB121AAD01}</UniqueIdentifier>
      <Extensions>rc;ico;cur;bmp;dlg;rc2;rct;bin;rgs;gif;jpg;jpeg;jpe;resx;tiff;tif;png;wav;mfcribbon-ms</Extensions>
    </Filter>
    <Filter Include="Engine">
      <UniqueIdentifier>{479ae08b-a068-4cc4-b516-97486ec69057}</UniqueIdentifier>
    </Filter>
    <Filter Include="Engine\WinApp">
      <UniqueIdentifier>{4a5b369f-5716-4f93-a04c-514c327cb98e}</UniqueIdentifier>
    </Filter>
    <Filter Include="Engine\Log">
      <UniqueIdentifier>{99daf958-90bb-4588-94e4-313eb8ba30b8}</UniqueIdentifier>
    </Filter>
    <Filter Include="Engine\DirectXClass">
      <UniqueIdentifier>{b7dd5b68-b07b-48ee-9927-f40ba05c0cd0}</UniqueIdentifier>
    </Filter>
    <Filter Include="Engine\Shaders">
      <UniqueIdentifier>{5f9c9b30-5249-4505-90cf-bc31e5a66b4e}</UniqueIdentifier>
    </Filter>
    <Filter Include="Engine\MainEngine">
      <UniqueIdentifier>{6bfa7410-be54-4650-ae6a-f3ef65b43934}</UniqueIdentifier>
    </Filter>
  </ItemGroup>
  <ItemGroup>
    <ClCompile Include="MainEngine.cpp">
      <Filter>Engine\MainEngine</Filter>
    </ClCompile>
    <ClCompile Include="WinApp.cpp">
      <Filter>Engine\WinApp</Filter>
    </ClCompile>
    <ClCompile Include="Log.cpp">
      <Filter>Engine\Log</Filter>
    </ClCompile>
    <ClCompile Include="main.cpp">
      <Filter>Engine</Filter>
    </ClCompile>
    <ClCompile Include="DirectXClass.cpp">
      <Filter>Engine\DirectXClass</Filter>
    </ClCompile>
  </ItemGroup>
  <ItemGroup>
    <ClInclude Include="MainEngine.h">
      <Filter>Engine\MainEngine</Filter>
    </ClInclude>
    <ClInclude Include="WinApp.h">
      <Filter>Engine\WinApp</Filter>
    </ClInclude>
    <ClInclude Include="Log.h">
      <Filter>Engine\Log</Filter>
    </ClInclude>
    <ClInclude Include="DirectXClass.h">
      <Filter>Engine\DirectXClass</Filter>
    </ClInclude>
  </ItemGroup>
  <ItemGroup>
    <FxCompile Include="Object3d.VS.hlsl">
      <Filter>Engine\Shaders</Filter>
    </FxCompile>
  </ItemGroup>
  <ItemGroup>
    <None Include="Object3d.PS.hlsl">
      <Filter>Engine\Shaders</Filter>
    </None>
  </ItemGroup>
</Project>